
Microsoft Visual Studio Solution File, Format Version 12.00
# Visual Studio Version 17
VisualStudioVersion = 17.8.34525.116
MinimumVisualStudioVersion = 10.0.40219.1
Project("{9A19103F-16F7-4668-BE54-9A1E7A4F7556}") = "WebAppFinal", "WebAppFinal.csproj", "{FB150484-7327-4F56-BFC6-3F831064A2BC}"
EndProject
Global
	GlobalSection(SolutionConfigurationPlatforms) = preSolution
		Debug|Any CPU = Debug|Any CPU
		Release|Any CPU = Release|Any CPU
	EndGlobalSection
	GlobalSection(ProjectConfigurationPlatforms) = postSolution
		{FB150484-7327-4F56-BFC6-3F831064A2BC}.Debug|Any CPU.ActiveCfg = Debug|Any CPU
		{FB150484-7327-4F56-BFC6-3F831064A2BC}.Debug|Any CPU.Build.0 = Debug|Any CPU
		{FB150484-7327-4F56-BFC6-3F831064A2BC}.Release|Any CPU.ActiveCfg = Release|Any CPU
		{FB150484-7327-4F56-BFC6-3F831064A2BC}.Release|Any CPU.Build.0 = Release|Any CPU
	EndGlobalSection
	GlobalSection(SolutionProperties) = preSolution
		HideSolutionNode = FALSE
	EndGlobalSection
	GlobalSection(ExtensibilityGlobals) = postSolution
		SolutionGuid = {19A5D206-5F1F-4549-A95D-D1EFDF413EF8}
	EndGlobalSection
EndGlobal
